
Microsoft Visual Studio Solution File, Format Version 12.00
# Visual Studio 14
VisualStudioVersion = 14.0.25420.1
MinimumVisualStudioVersion = 10.0.40219.1
Project("{FAE04EC0-301F-11D3-BF4B-00C04F79EFBC}") = "WordWebAddIn2", "WordWebAddIn2\WordWebAddIn2.csproj", "{241AA133-D84A-4AA1-9454-489A51D1886E}"
EndProject
Project("{FAE04EC0-301F-11D3-BF4B-00C04F79EFBC}") = "WordWebAddIn2Web", "WordWebAddIn2Web\WordWebAddIn2Web.csproj", "{3A4D45B8-86C1-455F-B6D6-72E94D505014}"
EndProject
Global
	GlobalSection(SolutionConfigurationPlatforms) = preSolution
		Debug|Any CPU = Debug|Any CPU
		Release|Any CPU = Release|Any CPU
	EndGlobalSection
	GlobalSection(ProjectConfigurationPlatforms) = postSolution
		{241AA133-D84A-4AA1-9454-489A51D1886E}.Debug|Any CPU.ActiveCfg = Debug|Any CPU
		{241AA133-D84A-4AA1-9454-489A51D1886E}.Debug|Any CPU.Build.0 = Debug|Any CPU
		{241AA133-D84A-4AA1-9454-489A51D1886E}.Debug|Any CPU.Deploy.0 = Debug|Any CPU
		{241AA133-D84A-4AA1-9454-489A51D1886E}.Release|Any CPU.ActiveCfg = Release|Any CPU
		{241AA133-D84A-4AA1-9454-489A51D1886E}.Release|Any CPU.Build.0 = Release|Any CPU
		{241AA133-D84A-4AA1-9454-489A51D1886E}.Release|Any CPU.Deploy.0 = Release|Any CPU
		{3A4D45B8-86C1-455F-B6D6-72E94D505014}.Debug|Any CPU.ActiveCfg = Debug|Any CPU
		{3A4D45B8-86C1-455F-B6D6-72E94D505014}.Debug|Any CPU.Build.0 = Debug|Any CPU
		{3A4D45B8-86C1-455F-B6D6-72E94D505014}.Release|Any CPU.ActiveCfg = Release|Any CPU
		{3A4D45B8-86C1-455F-B6D6-72E94D505014}.Release|Any CPU.Build.0 = Release|Any CPU
	EndGlobalSection
	GlobalSection(SolutionProperties) = preSolution
		HideSolutionNode = FALSE
	EndGlobalSection
EndGlobal
